
Microsoft Visual Studio Solution File, Format Version 12.00
# Visual Studio Version 16
VisualStudioVersion = 25.0.1706.1
MinimumVisualStudioVersion = 10.0.40219.1
Project("{FAE04EC0-301F-11D3-BF4B-00C04F79EFBC}") = "tower-api", "tower-api\tower-api.csproj", "{AD39AC8E-DF69-4205-9526-CFD4339627C8}"
EndProject
Project("{FAE04EC0-301F-11D3-BF4B-00C04F79EFBC}") = "tower-api-test", "tower-api-test\tower-api-test.csproj", "{0E2E8164-F39B-412A-8916-AF357F5C590D}"
EndProject
Project("{FAE04EC0-301F-11D3-BF4B-00C04F79EFBC}") = "SystemsTest", "SystemsTest\SystemsTest.csproj", "{E3F583E7-D2EC-4E21-B03E-C479E470148D}"
EndProject
Project("{2150E333-8FDC-42A3-9474-1A3956D46DE8}") = "Solution Items", "Solution Items", "{D53A4A63-C59B-43C6-A809-49F3F7E4B74A}"
	ProjectSection(SolutionItems) = preProject
		.gitignore = .gitignore
	EndProjectSection
EndProject
Global
	GlobalSection(SolutionConfigurationPlatforms) = preSolution
		Debug|Any CPU = Debug|Any CPU
		Release|Any CPU = Release|Any CPU
	EndGlobalSection
	GlobalSection(ProjectConfigurationPlatforms) = postSolution
		{AD39AC8E-DF69-4205-9526-CFD4339627C8}.Debug|Any CPU.ActiveCfg = Debug|Any CPU
		{AD39AC8E-DF69-4205-9526-CFD4339627C8}.Debug|Any CPU.Build.0 = Debug|Any CPU
		{AD39AC8E-DF69-4205-9526-CFD4339627C8}.Release|Any CPU.ActiveCfg = Release|Any CPU
		{AD39AC8E-DF69-4205-9526-CFD4339627C8}.Release|Any CPU.Build.0 = Release|Any CPU
		{0E2E8164-F39B-412A-8916-AF357F5C590D}.Debug|Any CPU.ActiveCfg = Debug|Any CPU
		{0E2E8164-F39B-412A-8916-AF357F5C590D}.Debug|Any CPU.Build.0 = Debug|Any CPU
		{0E2E8164-F39B-412A-8916-AF357F5C590D}.Release|Any CPU.ActiveCfg = Release|Any CPU
		{0E2E8164-F39B-412A-8916-AF357F5C590D}.Release|Any CPU.Build.0 = Release|Any CPU
		{E3F583E7-D2EC-4E21-B03E-C479E470148D}.Debug|Any CPU.ActiveCfg = Debug|Any CPU
		{E3F583E7-D2EC-4E21-B03E-C479E470148D}.Debug|Any CPU.Build.0 = Debug|Any CPU
		{E3F583E7-D2EC-4E21-B03E-C479E470148D}.Release|Any CPU.ActiveCfg = Release|Any CPU
		{E3F583E7-D2EC-4E21-B03E-C479E470148D}.Release|Any CPU.Build.0 = Release|Any CPU
	EndGlobalSection
	GlobalSection(SolutionProperties) = preSolution
		HideSolutionNode = FALSE
	EndGlobalSection
	GlobalSection(ExtensibilityGlobals) = postSolution
		SolutionGuid = {21409E0E-F25C-4E1A-880C-7E0AFD594B72}
	EndGlobalSection
EndGlobal
